
Microsoft Visual Studio Solution File, Format Version 12.00
# Visual Studio Version 17
VisualStudioVersion = 17.13.35825.156 d17.13
MinimumVisualStudioVersion = 10.0.40219.1
Project("{FAE04EC0-301F-11D3-BF4B-00C04F79EFBC}") = "MoneyPartsApp", "MoneyPartsApp\MoneyPartsApp.csproj", "{D6583122-E1FE-4861-BA92-F3CC321FE2BC}"
EndProject
Global
	GlobalSection(SolutionConfigurationPlatforms) = preSolution
		Debug|Any CPU = Debug|Any CPU
		Release|Any CPU = Release|Any CPU
	EndGlobalSection
	GlobalSection(ProjectConfigurationPlatforms) = postSolution
		{D6583122-E1FE-4861-BA92-F3CC321FE2BC}.Debug|Any CPU.ActiveCfg = Debug|Any CPU
		{D6583122-E1FE-4861-BA92-F3CC321FE2BC}.Debug|Any CPU.Build.0 = Debug|Any CPU
		{D6583122-E1FE-4861-BA92-F3CC321FE2BC}.Release|Any CPU.ActiveCfg = Release|Any CPU
		{D6583122-E1FE-4861-BA92-F3CC321FE2BC}.Release|Any CPU.Build.0 = Release|Any CPU
	EndGlobalSection
	GlobalSection(SolutionProperties) = preSolution
		HideSolutionNode = FALSE
	EndGlobalSection
	GlobalSection(ExtensibilityGlobals) = postSolution
		SolutionGuid = {53FC9222-B636-4948-8B0D-CA1270317927}
	EndGlobalSection
EndGlobal
